
Microsoft Visual Studio Solution File, Format Version 12.00
# Visual Studio 15
VisualStudioVersion = 15.0.28307.705
MinimumVisualStudioVersion = 10.0.40219.1
Project("{FAE04EC0-301F-11D3-BF4B-00C04F79EFBC}") = "CalculationEngine", "CalculationEngine\CalculationEngine.csproj", "{61AEFF6A-F424-464E-8311-DA7FDBB35BE0}"
EndProject
Project("{9A19103F-16F7-4668-BE54-9A1E7A4F7556}") = "MetricAPI", "MetricAPI\MetricAPI.csproj", "{DF3FE4EA-E72D-4C19-B1D3-56DDC40A0538}"
EndProject
Project("{9A19103F-16F7-4668-BE54-9A1E7A4F7556}") = "CalculationAPI", "CalculationAPI\CalculationAPI.csproj", "{E37AF9DC-C111-403A-B762-0ADB8401F8A6}"
EndProject
Project("{FAE04EC0-301F-11D3-BF4B-00C04F79EFBC}") = "Database", "Database\Database.csproj", "{7C1F3D40-598C-4BF6-9195-7AAF097BC5A9}"
EndProject
Project("{9A19103F-16F7-4668-BE54-9A1E7A4F7556}") = "CommandAPI", "CommandAPI\CommandAPI.csproj", "{489906EC-D266-484F-8453-A5DB070FC4C8}"
EndProject
Project("{FAE04EC0-301F-11D3-BF4B-00C04F79EFBC}") = "APIsNetPlateform", "APIsNetPlateform\APIsNetPlateform.csproj", "{F16EE76F-0D48-44EA-AE5C-F2B758CAB22F}"
EndProject
Global
	GlobalSection(SolutionConfigurationPlatforms) = preSolution
		Debug|Any CPU = Debug|Any CPU
		Release|Any CPU = Release|Any CPU
	EndGlobalSection
	GlobalSection(ProjectConfigurationPlatforms) = postSolution
		{61AEFF6A-F424-464E-8311-DA7FDBB35BE0}.Debug|Any CPU.ActiveCfg = Debug|Any CPU
		{61AEFF6A-F424-464E-8311-DA7FDBB35BE0}.Debug|Any CPU.Build.0 = Debug|Any CPU
		{61AEFF6A-F424-464E-8311-DA7FDBB35BE0}.Release|Any CPU.ActiveCfg = Release|Any CPU
		{61AEFF6A-F424-464E-8311-DA7FDBB35BE0}.Release|Any CPU.Build.0 = Release|Any CPU
		{DF3FE4EA-E72D-4C19-B1D3-56DDC40A0538}.Debug|Any CPU.ActiveCfg = Debug|Any CPU
		{DF3FE4EA-E72D-4C19-B1D3-56DDC40A0538}.Debug|Any CPU.Build.0 = Debug|Any CPU
		{DF3FE4EA-E72D-4C19-B1D3-56DDC40A0538}.Release|Any CPU.ActiveCfg = Release|Any CPU
		{DF3FE4EA-E72D-4C19-B1D3-56DDC40A0538}.Release|Any CPU.Build.0 = Release|Any CPU
		{E37AF9DC-C111-403A-B762-0ADB8401F8A6}.Debug|Any CPU.ActiveCfg = Debug|Any CPU
		{E37AF9DC-C111-403A-B762-0ADB8401F8A6}.Debug|Any CPU.Build.0 = Debug|Any CPU
		{E37AF9DC-C111-403A-B762-0ADB8401F8A6}.Release|Any CPU.ActiveCfg = Release|Any CPU
		{E37AF9DC-C111-403A-B762-0ADB8401F8A6}.Release|Any CPU.Build.0 = Release|Any CPU
		{7C1F3D40-598C-4BF6-9195-7AAF097BC5A9}.Debug|Any CPU.ActiveCfg = Debug|Any CPU
		{7C1F3D40-598C-4BF6-9195-7AAF097BC5A9}.Debug|Any CPU.Build.0 = Debug|Any CPU
		{7C1F3D40-598C-4BF6-9195-7AAF097BC5A9}.Release|Any CPU.ActiveCfg = Release|Any CPU
		{7C1F3D40-598C-4BF6-9195-7AAF097BC5A9}.Release|Any CPU.Build.0 = Release|Any CPU
		{489906EC-D266-484F-8453-A5DB070FC4C8}.Debug|Any CPU.ActiveCfg = Debug|Any CPU
		{489906EC-D266-484F-8453-A5DB070FC4C8}.Debug|Any CPU.Build.0 = Debug|Any CPU
		{489906EC-D266-484F-8453-A5DB070FC4C8}.Release|Any CPU.ActiveCfg = Release|Any CPU
		{489906EC-D266-484F-8453-A5DB070FC4C8}.Release|Any CPU.Build.0 = Release|Any CPU
		{F16EE76F-0D48-44EA-AE5C-F2B758CAB22F}.Debug|Any CPU.ActiveCfg = Debug|Any CPU
		{F16EE76F-0D48-44EA-AE5C-F2B758CAB22F}.Debug|Any CPU.Build.0 = Debug|Any CPU
		{F16EE76F-0D48-44EA-AE5C-F2B758CAB22F}.Release|Any CPU.ActiveCfg = Release|Any CPU
		{F16EE76F-0D48-44EA-AE5C-F2B758CAB22F}.Release|Any CPU.Build.0 = Release|Any CPU
	EndGlobalSection
	GlobalSection(SolutionProperties) = preSolution
		HideSolutionNode = FALSE
	EndGlobalSection
	GlobalSection(ExtensibilityGlobals) = postSolution
		SolutionGuid = {4C34BB70-D3CD-470D-AC31-B94233B02908}
	EndGlobalSection
EndGlobal
